
Microsoft Visual Studio Solution File, Format Version 12.00
# Visual Studio Version 17
VisualStudioVersion = 17.10.35013.160
MinimumVisualStudioVersion = 10.0.40219.1
Project("{FAE04EC0-301F-11D3-BF4B-00C04F79EFBC}") = "LCModThing", "LCModThing\LCModThing.csproj", "{3CAAECB0-4DB0-4CE1-A542-583B847015FD}"
EndProject
Global
	GlobalSection(SolutionConfigurationPlatforms) = preSolution
		Debug|Any CPU = Debug|Any CPU
		Release|Any CPU = Release|Any CPU
	EndGlobalSection
	GlobalSection(ProjectConfigurationPlatforms) = postSolution
		{3CAAECB0-4DB0-4CE1-A542-583B847015FD}.Debug|Any CPU.ActiveCfg = Debug|Any CPU
		{3CAAECB0-4DB0-4CE1-A542-583B847015FD}.Debug|Any CPU.Build.0 = Debug|Any CPU
		{3CAAECB0-4DB0-4CE1-A542-583B847015FD}.Release|Any CPU.ActiveCfg = Release|Any CPU
		{3CAAECB0-4DB0-4CE1-A542-583B847015FD}.Release|Any CPU.Build.0 = Release|Any CPU
	EndGlobalSection
	GlobalSection(SolutionProperties) = preSolution
		HideSolutionNode = FALSE
	EndGlobalSection
	GlobalSection(ExtensibilityGlobals) = postSolution
		SolutionGuid = {B5A81F39-AAB1-49AF-867B-125D7F79B3F5}
	EndGlobalSection
EndGlobal
